{
  "version": 4,
  "terraform_version": "1.9.4",
  "serial": 127,
  "lineage": "26a24e3c-9c61-fc69-93b3-b4d717948ad9",
  "outputs": {},
  "resources": [
    {
      "module": "module.compute",
      "mode": "managed",
      "type": "azurerm_availability_set",
      "name": "app_availability_set",
      "provider": "provider[\"registry.terraform.io/hashicorp/azurerm\"]",
      "instances": [
        {
          "schema_version": 0,
          "attributes": {
            "id": "/subscriptions/6dd8fdde-1511-4be3-b58e-2d69a99b2ffc/resourceGroups/azure-stack/providers/Microsoft.Compute/availabilitySets/app_availability_set",
            "location": "centralindia",
            "managed": true,
            "name": "app_availability_set",
            "platform_fault_domain_count": 3,
            "platform_update_domain_count": 5,
            "proximity_placement_group_id": null,
            "resource_group_name": "azure-stack",
            "tags": {
              "CostCenter": "test"
            },
            "timeouts": null
          },
          "sensitive_attributes": [],
          "private": "eyJlMmJmYjczMC1lY2FhLTExZTYtOGY4OC0zNDM2M2JjN2M0YzAiOnsiY3JlYXRlIjoxODAwMDAwMDAwMDAwLCJkZWxldGUiOjE4MDAwMDAwMDAwMDAsInJlYWQiOjMwMDAwMDAwMDAwMCwidXBkYXRlIjoxODAwMDAwMDAwMDAwfX0=",
          "dependencies": [
            "module.resourcegroup.azurerm_resource_group.azure-stack-rs"
          ]
        }
      ]
    },
    {
      "module": "module.compute",
      "mode": "managed",
      "type": "azurerm_availability_set",
      "name": "web_availability_set",
      "provider": "provider[\"registry.terraform.io/hashicorp/azurerm\"]",
      "instances": [
        {
          "schema_version": 0,
          "attributes": {
            "id": "/subscriptions/6dd8fdde-1511-4be3-b58e-2d69a99b2ffc/resourceGroups/azure-stack/providers/Microsoft.Compute/availabilitySets/web_availability_set",
            "location": "centralindia",
            "managed": true,
            "name": "web_availability_set",
            "platform_fault_domain_count": 3,
            "platform_update_domain_count": 5,
            "proximity_placement_group_id": null,
            "resource_group_name": "azure-stack",
            "tags": {
              "CostCenter": "test"
            },
            "timeouts": null
          },
          "sensitive_attributes": [],
          "private": "eyJlMmJmYjczMC1lY2FhLTExZTYtOGY4OC0zNDM2M2JjN2M0YzAiOnsiY3JlYXRlIjoxODAwMDAwMDAwMDAwLCJkZWxldGUiOjE4MDAwMDAwMDAwMDAsInJlYWQiOjMwMDAwMDAwMDAwMCwidXBkYXRlIjoxODAwMDAwMDAwMDAwfX0=",
          "dependencies": [
            "module.resourcegroup.azurerm_resource_group.azure-stack-rs"
          ]
        }
      ]
    },
    {
      "module": "module.compute",
      "mode": "managed",
      "type": "azurerm_network_interface",
      "name": "app_net_interface",
      "provider": "provider[\"registry.terraform.io/hashicorp/azurerm\"]",
      "instances": [
        {
          "schema_version": 0,
          "attributes": {
            "accelerated_networking_enabled": false,
            "applied_dns_servers": [],
            "auxiliary_mode": "",
            "auxiliary_sku": "",
            "dns_servers": [],
            "edge_zone": "",
            "enable_accelerated_networking": false,
            "enable_ip_forwarding": false,
            "id": "/subscriptions/6dd8fdde-1511-4be3-b58e-2d69a99b2ffc/resourceGroups/azure-stack/providers/Microsoft.Network/networkInterfaces/app-network",
            "internal_dns_name_label": "",
            "internal_domain_name_suffix": "x5udash0ik0uvnqj1pl3uqt3lb.rx.internal.cloudapp.net",
            "ip_configuration": [
              {
                "gateway_load_balancer_frontend_ip_configuration_id": "",
                "name": "app-webserver",
                "primary": true,
                "private_ip_address": "192.168.2.4",
                "private_ip_address_allocation": "Dynamic",
                "private_ip_address_version": "IPv4",
                "public_ip_address_id": "",
                "subnet_id": "/subscriptions/6dd8fdde-1511-4be3-b58e-2d69a99b2ffc/resourceGroups/azure-stack/providers/Microsoft.Network/virtualNetworks/vnet01/subnets/app-subnet"
              }
            ],
            "ip_forwarding_enabled": false,
            "location": "centralindia",
            "mac_address": "",
            "name": "app-network",
            "private_ip_address": "192.168.2.4",
            "private_ip_addresses": [
              "192.168.2.4"
            ],
            "resource_group_name": "azure-stack",
            "tags": {
              "CostCenter": "test"
            },
            "timeouts": null,
            "virtual_machine_id": ""
          },
          "sensitive_attributes": [],
          "private": "eyJlMmJmYjczMC1lY2FhLTExZTYtOGY4OC0zNDM2M2JjN2M0YzAiOnsiY3JlYXRlIjoxODAwMDAwMDAwMDAwLCJkZWxldGUiOjE4MDAwMDAwMDAwMDAsInJlYWQiOjMwMDAwMDAwMDAwMCwidXBkYXRlIjoxODAwMDAwMDAwMDAwfX0=",
          "dependencies": [
            "module.networking.azurerm_subnet.app-subnet",
            "module.networking.azurerm_virtual_network.vnet01",
            "module.resourcegroup.azurerm_resource_group.azure-stack-rs"
          ]
        }
      ]
    },
    {
      "module": "module.compute",
      "mode": "managed",
      "type": "azurerm_network_interface",
      "name": "web_net_interface_1",
      "provider": "provider[\"registry.terraform.io/hashicorp/azurerm\"]",
      "instances": [
        {
          "schema_version": 0,
          "attributes": {
            "accelerated_networking_enabled": false,
            "applied_dns_servers": [],
            "auxiliary_mode": "",
            "auxiliary_sku": "",
            "dns_servers": [],
            "edge_zone": "",
            "enable_accelerated_networking": false,
            "enable_ip_forwarding": false,
            "id": "/subscriptions/6dd8fdde-1511-4be3-b58e-2d69a99b2ffc/resourceGroups/azure-stack/providers/Microsoft.Network/networkInterfaces/web-network-1",
            "internal_dns_name_label": "",
            "internal_domain_name_suffix": "x5udash0ik0uvnqj1pl3uqt3lb.rx.internal.cloudapp.net",
            "ip_configuration": [
              {
                "gateway_load_balancer_frontend_ip_configuration_id": "",
                "name": "web-webserver-1",
                "primary": true,
                "private_ip_address": "192.168.1.4",
                "private_ip_address_allocation": "Dynamic",
                "private_ip_address_version": "IPv4",
                "public_ip_address_id": "/subscriptions/6dd8fdde-1511-4be3-b58e-2d69a99b2ffc/resourceGroups/azure-stack/providers/Microsoft.Network/publicIPAddresses/web-public-ip-1",
                "subnet_id": "/subscriptions/6dd8fdde-1511-4be3-b58e-2d69a99b2ffc/resourceGroups/azure-stack/providers/Microsoft.Network/virtualNetworks/vnet01/subnets/web-subnet"
              }
            ],
            "ip_forwarding_enabled": false,
            "location": "centralindia",
            "mac_address": "",
            "name": "web-network-1",
            "private_ip_address": "192.168.1.4",
            "private_ip_addresses": [
              "192.168.1.4"
            ],
            "resource_group_name": "azure-stack",
            "tags": {
              "CostCenter": "test"
            },
            "timeouts": null,
            "virtual_machine_id": ""
          },
          "sensitive_attributes": [],
          "private": "eyJlMmJmYjczMC1lY2FhLTExZTYtOGY4OC0zNDM2M2JjN2M0YzAiOnsiY3JlYXRlIjoxODAwMDAwMDAwMDAwLCJkZWxldGUiOjE4MDAwMDAwMDAwMDAsInJlYWQiOjMwMDAwMDAwMDAwMCwidXBkYXRlIjoxODAwMDAwMDAwMDAwfX0=",
          "dependencies": [
            "module.compute.azurerm_public_ip.web_public_ip_1",
            "module.networking.azurerm_subnet.web-subnet",
            "module.networking.azurerm_virtual_network.vnet01",
            "module.resourcegroup.azurerm_resource_group.azure-stack-rs"
          ]
        }
      ]
    },
    {
      "module": "module.compute",
      "mode": "managed",
      "type": "azurerm_network_interface",
      "name": "web_net_interface_2",
      "provider": "provider[\"registry.terraform.io/hashicorp/azurerm\"]",
      "instances": [
        {
          "schema_version": 0,
          "attributes": {
            "accelerated_networking_enabled": false,
            "applied_dns_servers": [],
            "auxiliary_mode": "",
            "auxiliary_sku": "",
            "dns_servers": [],
            "edge_zone": "",
            "enable_accelerated_networking": false,
            "enable_ip_forwarding": false,
            "id": "/subscriptions/6dd8fdde-1511-4be3-b58e-2d69a99b2ffc/resourceGroups/azure-stack/providers/Microsoft.Network/networkInterfaces/web-network-2",
            "internal_dns_name_label": "",
            "internal_domain_name_suffix": "x5udash0ik0uvnqj1pl3uqt3lb.rx.internal.cloudapp.net",
            "ip_configuration": [
              {
                "gateway_load_balancer_frontend_ip_configuration_id": "",
                "name": "web-webserver-2",
                "primary": true,
                "private_ip_address": "192.168.1.5",
                "private_ip_address_allocation": "Dynamic",
                "private_ip_address_version": "IPv4",
                "public_ip_address_id": "/subscriptions/6dd8fdde-1511-4be3-b58e-2d69a99b2ffc/resourceGroups/azure-stack/providers/Microsoft.Network/publicIPAddresses/web-public-ip-2",
                "subnet_id": "/subscriptions/6dd8fdde-1511-4be3-b58e-2d69a99b2ffc/resourceGroups/azure-stack/providers/Microsoft.Network/virtualNetworks/vnet01/subnets/web-subnet"
              }
            ],
            "ip_forwarding_enabled": false,
            "location": "centralindia",
            "mac_address": "",
            "name": "web-network-2",
            "private_ip_address": "192.168.1.5",
            "private_ip_addresses": [
              "192.168.1.5"
            ],
            "resource_group_name": "azure-stack",
            "tags": {
              "CostCenter": "test"
            },
            "timeouts": null,
            "virtual_machine_id": ""
          },
          "sensitive_attributes": [],
          "private": "eyJlMmJmYjczMC1lY2FhLTExZTYtOGY4OC0zNDM2M2JjN2M0YzAiOnsiY3JlYXRlIjoxODAwMDAwMDAwMDAwLCJkZWxldGUiOjE4MDAwMDAwMDAwMDAsInJlYWQiOjMwMDAwMDAwMDAwMCwidXBkYXRlIjoxODAwMDAwMDAwMDAwfX0=",
          "dependencies": [
            "module.compute.azurerm_public_ip.web_public_ip_2",
            "module.networking.azurerm_subnet.web-subnet",
            "module.networking.azurerm_virtual_network.vnet01",
            "module.resourcegroup.azurerm_resource_group.azure-stack-rs"
          ]
        }
      ]
    },
    {
      "module": "module.compute",
      "mode": "managed",
      "type": "azurerm_public_ip",
      "name": "web_public_ip_1",
      "provider": "provider[\"registry.terraform.io/hashicorp/azurerm\"]",
      "instances": [
        {
          "schema_version": 0,
          "attributes": {
            "allocation_method": "Dynamic",
            "ddos_protection_mode": "VirtualNetworkInherited",
            "ddos_protection_plan_id": null,
            "domain_name_label": null,
            "edge_zone": "",
            "fqdn": null,
            "id": "/subscriptions/6dd8fdde-1511-4be3-b58e-2d69a99b2ffc/resourceGroups/azure-stack/providers/Microsoft.Network/publicIPAddresses/web-public-ip-1",
            "idle_timeout_in_minutes": 4,
            "ip_address": "",
            "ip_tags": null,
            "ip_version": "IPv4",
            "location": "centralindia",
            "name": "web-public-ip-1",
            "public_ip_prefix_id": null,
            "resource_group_name": "azure-stack",
            "reverse_fqdn": null,
            "sku": "Basic",
            "sku_tier": "Regional",
            "tags": {
              "CostCenter": "test"
            },
            "timeouts": null,
            "zones": null
          },
          "sensitive_attributes": [],
          "private": "eyJlMmJmYjczMC1lY2FhLTExZTYtOGY4OC0zNDM2M2JjN2M0YzAiOnsiY3JlYXRlIjoxODAwMDAwMDAwMDAwLCJkZWxldGUiOjE4MDAwMDAwMDAwMDAsInJlYWQiOjMwMDAwMDAwMDAwMCwidXBkYXRlIjoxODAwMDAwMDAwMDAwfX0=",
          "dependencies": [
            "module.resourcegroup.azurerm_resource_group.azure-stack-rs"
          ]
        }
      ]
    },
    {
      "module": "module.compute",
      "mode": "managed",
      "type": "azurerm_public_ip",
      "name": "web_public_ip_2",
      "provider": "provider[\"registry.terraform.io/hashicorp/azurerm\"]",
      "instances": [
        {
          "schema_version": 0,
          "attributes": {
            "allocation_method": "Dynamic",
            "ddos_protection_mode": "VirtualNetworkInherited",
            "ddos_protection_plan_id": null,
            "domain_name_label": null,
            "edge_zone": "",
            "fqdn": null,
            "id": "/subscriptions/6dd8fdde-1511-4be3-b58e-2d69a99b2ffc/resourceGroups/azure-stack/providers/Microsoft.Network/publicIPAddresses/web-public-ip-2",
            "idle_timeout_in_minutes": 4,
            "ip_address": "",
            "ip_tags": null,
            "ip_version": "IPv4",
            "location": "centralindia",
            "name": "web-public-ip-2",
            "public_ip_prefix_id": null,
            "resource_group_name": "azure-stack",
            "reverse_fqdn": null,
            "sku": "Basic",
            "sku_tier": "Regional",
            "tags": {
              "CostCenter": "test"
            },
            "timeouts": null,
            "zones": null
          },
          "sensitive_attributes": [],
          "private": "eyJlMmJmYjczMC1lY2FhLTExZTYtOGY4OC0zNDM2M2JjN2M0YzAiOnsiY3JlYXRlIjoxODAwMDAwMDAwMDAwLCJkZWxldGUiOjE4MDAwMDAwMDAwMDAsInJlYWQiOjMwMDAwMDAwMDAwMCwidXBkYXRlIjoxODAwMDAwMDAwMDAwfX0=",
          "dependencies": [
            "module.resourcegroup.azurerm_resource_group.azure-stack-rs"
          ]
        }
      ]
    },
    {
      "module": "module.compute",
      "mode": "managed",
      "type": "azurerm_virtual_machine",
      "name": "app_vm",
      "provider": "provider[\"registry.terraform.io/hashicorp/azurerm\"]",
      "instances": [
        {
          "schema_version": 0,
          "attributes": {
            "additional_capabilities": [],
            "availability_set_id": "/subscriptions/6dd8fdde-1511-4be3-b58e-2d69a99b2ffc/resourcegroups/azure-stack/providers/microsoft.compute/availabilitysets/app_availability_set",
            "boot_diagnostics": [],
            "delete_data_disks_on_termination": false,
            "delete_os_disk_on_termination": true,
            "id": "/subscriptions/6dd8fdde-1511-4be3-b58e-2d69a99b2ffc/resourceGroups/azure-stack/providers/Microsoft.Compute/virtualMachines/app-vm",
            "identity": [],
            "license_type": null,
            "location": "centralindia",
            "name": "app-vm",
            "network_interface_ids": [
              "/subscriptions/6dd8fdde-1511-4be3-b58e-2d69a99b2ffc/resourceGroups/azure-stack/providers/Microsoft.Network/networkInterfaces/app-network"
            ],
            "os_profile": [
              {
                "admin_password": "",
                "admin_username": "app_user",
                "computer_name": "appserver",
                "custom_data": ""
              }
            ],
            "os_profile_linux_config": [
              {
                "disable_password_authentication": false,
                "ssh_keys": []
              }
            ],
            "os_profile_secrets": [],
            "os_profile_windows_config": [],
            "plan": [],
            "primary_network_interface_id": null,
            "proximity_placement_group_id": null,
            "resource_group_name": "azure-stack",
            "storage_data_disk": [],
            "storage_image_reference": [
              {
                "id": "",
                "offer": "0001-com-ubuntu-server-jammy",
                "publisher": "canonical",
                "sku": "22_04-lts",
                "version": "latest"
              }
            ],
            "storage_os_disk": [
              {
                "caching": "ReadWrite",
                "create_option": "FromImage",
                "disk_size_gb": 30,
                "image_uri": "",
                "managed_disk_id": "/subscriptions/6dd8fdde-1511-4be3-b58e-2d69a99b2ffc/resourceGroups/azure-stack/providers/Microsoft.Compute/disks/app-disk",
                "managed_disk_type": "Standard_LRS",
                "name": "app-disk",
                "os_type": "Linux",
                "vhd_uri": "",
                "write_accelerator_enabled": false
              }
            ],
            "tags": {
              "CostCenter": "test"
            },
            "timeouts": null,
            "vm_size": "Standard_DS1_v2",
            "zones": null
          },
          "sensitive_attributes": [
            [
              {
                "type": "get_attr",
                "value": "os_profile"
              }
            ]
          ],
          "private": "eyJlMmJmYjczMC1lY2FhLTExZTYtOGY4OC0zNDM2M2JjN2M0YzAiOnsiY3JlYXRlIjozNjAwMDAwMDAwMDAwLCJkZWxldGUiOjM2MDAwMDAwMDAwMDAsInJlYWQiOjMwMDAwMDAwMDAwMCwidXBkYXRlIjozNjAwMDAwMDAwMDAwfX0=",
          "dependencies": [
            "module.compute.azurerm_availability_set.app_availability_set",
            "module.compute.azurerm_network_interface.app_net_interface",
            "module.networking.azurerm_subnet.app-subnet",
            "module.networking.azurerm_virtual_network.vnet01",
            "module.resourcegroup.azurerm_resource_group.azure-stack-rs"
          ]
        }
      ]
    },
    {
      "module": "module.compute",
      "mode": "managed",
      "type": "azurerm_virtual_machine",
      "name": "web_vm_1",
      "provider": "provider[\"registry.terraform.io/hashicorp/azurerm\"]",
      "instances": [
        {
          "schema_version": 0,
          "attributes": {
            "additional_capabilities": [],
            "availability_set_id": "/subscriptions/6dd8fdde-1511-4be3-b58e-2d69a99b2ffc/resourcegroups/azure-stack/providers/microsoft.compute/availabilitysets/web_availability_set",
            "boot_diagnostics": [],
            "delete_data_disks_on_termination": false,
            "delete_os_disk_on_termination": true,
            "id": "/subscriptions/6dd8fdde-1511-4be3-b58e-2d69a99b2ffc/resourceGroups/azure-stack/providers/Microsoft.Compute/virtualMachines/web-vm-1",
            "identity": [],
            "license_type": null,
            "location": "centralindia",
            "name": "web-vm-1",
            "network_interface_ids": [
              "/subscriptions/6dd8fdde-1511-4be3-b58e-2d69a99b2ffc/resourceGroups/azure-stack/providers/Microsoft.Network/networkInterfaces/web-network-1"
            ],
            "os_profile": [
              {
                "admin_password": "",
                "admin_username": "web_user",
                "computer_name": "webserver1",
                "custom_data": ""
              }
            ],
            "os_profile_linux_config": [
              {
                "disable_password_authentication": false,
                "ssh_keys": []
              }
            ],
            "os_profile_secrets": [],
            "os_profile_windows_config": [],
            "plan": [],
            "primary_network_interface_id": null,
            "proximity_placement_group_id": null,
            "resource_group_name": "azure-stack",
            "storage_data_disk": [],
            "storage_image_reference": [
              {
                "id": "",
                "offer": "0001-com-ubuntu-server-jammy",
                "publisher": "canonical",
                "sku": "22_04-lts",
                "version": "latest"
              }
            ],
            "storage_os_disk": [
              {
                "caching": "ReadWrite",
                "create_option": "FromImage",
                "disk_size_gb": 30,
                "image_uri": "",
                "managed_disk_id": "/subscriptions/6dd8fdde-1511-4be3-b58e-2d69a99b2ffc/resourceGroups/azure-stack/providers/Microsoft.Compute/disks/web-disk-1",
                "managed_disk_type": "Standard_LRS",
                "name": "web-disk-1",
                "os_type": "Linux",
                "vhd_uri": "",
                "write_accelerator_enabled": false
              }
            ],
            "tags": {
              "CostCenter": "test"
            },
            "timeouts": null,
            "vm_size": "Standard_DS1_v2",
            "zones": null
          },
          "sensitive_attributes": [
            [
              {
                "type": "get_attr",
                "value": "os_profile"
              }
            ]
          ],
          "private": "eyJlMmJmYjczMC1lY2FhLTExZTYtOGY4OC0zNDM2M2JjN2M0YzAiOnsiY3JlYXRlIjozNjAwMDAwMDAwMDAwLCJkZWxldGUiOjM2MDAwMDAwMDAwMDAsInJlYWQiOjMwMDAwMDAwMDAwMCwidXBkYXRlIjozNjAwMDAwMDAwMDAwfX0=",
          "dependencies": [
            "module.compute.azurerm_availability_set.web_availability_set",
            "module.compute.azurerm_network_interface.web_net_interface_1",
            "module.compute.azurerm_public_ip.web_public_ip_1",
            "module.networking.azurerm_subnet.web-subnet",
            "module.networking.azurerm_virtual_network.vnet01",
            "module.resourcegroup.azurerm_resource_group.azure-stack-rs"
          ]
        }
      ]
    },
    {
      "module": "module.compute",
      "mode": "managed",
      "type": "azurerm_virtual_machine",
      "name": "web_vm_2",
      "provider": "provider[\"registry.terraform.io/hashicorp/azurerm\"]",
      "instances": [
        {
          "schema_version": 0,
          "attributes": {
            "additional_capabilities": [],
            "availability_set_id": "/subscriptions/6dd8fdde-1511-4be3-b58e-2d69a99b2ffc/resourcegroups/azure-stack/providers/microsoft.compute/availabilitysets/web_availability_set",
            "boot_diagnostics": [],
            "delete_data_disks_on_termination": false,
            "delete_os_disk_on_termination": true,
            "id": "/subscriptions/6dd8fdde-1511-4be3-b58e-2d69a99b2ffc/resourceGroups/azure-stack/providers/Microsoft.Compute/virtualMachines/web-vm-2",
            "identity": [],
            "license_type": null,
            "location": "centralindia",
            "name": "web-vm-2",
            "network_interface_ids": [
              "/subscriptions/6dd8fdde-1511-4be3-b58e-2d69a99b2ffc/resourceGroups/azure-stack/providers/Microsoft.Network/networkInterfaces/web-network-2"
            ],
            "os_profile": [
              {
                "admin_password": "",
                "admin_username": "web_user",
                "computer_name": "webserver2",
                "custom_data": ""
              }
            ],
            "os_profile_linux_config": [
              {
                "disable_password_authentication": false,
                "ssh_keys": []
              }
            ],
            "os_profile_secrets": [],
            "os_profile_windows_config": [],
            "plan": [],
            "primary_network_interface_id": null,
            "proximity_placement_group_id": null,
            "resource_group_name": "azure-stack",
            "storage_data_disk": [],
            "storage_image_reference": [
              {
                "id": "",
                "offer": "0001-com-ubuntu-server-jammy",
                "publisher": "canonical",
                "sku": "22_04-lts",
                "version": "latest"
              }
            ],
            "storage_os_disk": [
              {
                "caching": "ReadWrite",
                "create_option": "FromImage",
                "disk_size_gb": 30,
                "image_uri": "",
                "managed_disk_id": "/subscriptions/6dd8fdde-1511-4be3-b58e-2d69a99b2ffc/resourceGroups/azure-stack/providers/Microsoft.Compute/disks/web-disk-2",
                "managed_disk_type": "Standard_LRS",
                "name": "web-disk-2",
                "os_type": "Linux",
                "vhd_uri": "",
                "write_accelerator_enabled": false
              }
            ],
            "tags": {
              "CostCenter": "test"
            },
            "timeouts": null,
            "vm_size": "Standard_DS1_v2",
            "zones": null
          },
          "sensitive_attributes": [
            [
              {
                "type": "get_attr",
                "value": "os_profile"
              }
            ]
          ],
          "private": "eyJlMmJmYjczMC1lY2FhLTExZTYtOGY4OC0zNDM2M2JjN2M0YzAiOnsiY3JlYXRlIjozNjAwMDAwMDAwMDAwLCJkZWxldGUiOjM2MDAwMDAwMDAwMDAsInJlYWQiOjMwMDAwMDAwMDAwMCwidXBkYXRlIjozNjAwMDAwMDAwMDAwfX0=",
          "dependencies": [
            "module.compute.azurerm_availability_set.web_availability_set",
            "module.compute.azurerm_network_interface.web_net_interface_2",
            "module.compute.azurerm_public_ip.web_public_ip_2",
            "module.networking.azurerm_subnet.web-subnet",
            "module.networking.azurerm_virtual_network.vnet01",
            "module.resourcegroup.azurerm_resource_group.azure-stack-rs"
          ]
        }
      ]
    },
    {
      "module": "module.database",
      "mode": "managed",
      "type": "azurerm_sql_database",
      "name": "db",
      "provider": "provider[\"registry.terraform.io/hashicorp/azurerm\"]",
      "instances": [
        {
          "schema_version": 0,
          "attributes": {
            "collation": "SQL_Latin1_General_CP1_CI_AS",
            "create_mode": "Default",
            "creation_date": "2024-08-08T05:48:06.057Z",
            "default_secondary_location": "South India",
            "edition": "GeneralPurpose",
            "elastic_pool_name": "",
            "encryption": "",
            "id": "/subscriptions/6dd8fdde-1511-4be3-b58e-2d69a99b2ffc/resourceGroups/azure-stack/providers/Microsoft.Sql/servers/sql-primary-database/databases/db",
            "import": [],
            "location": "centralindia",
            "max_size_bytes": "34359738368",
            "max_size_gb": null,
            "name": "db",
            "read_scale": false,
            "requested_service_objective_id": "f21733ad-9b9b-4d4e-a4fa-94a133c41718",
            "requested_service_objective_name": "GP_Gen5_2",
            "resource_group_name": "azure-stack",
            "restore_point_in_time": null,
            "server_name": "sql-primary-database",
            "source_database_deletion_date": null,
            "source_database_id": null,
            "tags": {
              "CostCenter": "test"
            },
            "threat_detection_policy": [
              {
                "disabled_alerts": [],
                "email_account_admins": "Disabled",
                "email_addresses": [],
                "retention_days": 0,
                "state": "Disabled",
                "storage_account_access_key": "",
                "storage_endpoint": ""
              }
            ],
            "timeouts": null,
            "zone_redundant": false
          },
          "sensitive_attributes": [
            [
              {
                "type": "get_attr",
                "value": "threat_detection_policy"
              },
              {
                "type": "index",
                "value": {
                  "value": 0,
                  "type": "number"
                }
              },
              {
                "type": "get_attr",
                "value": "storage_account_access_key"
              }
            ]
          ],
          "private": "eyJlMmJmYjczMC1lY2FhLTExZTYtOGY4OC0zNDM2M2JjN2M0YzAiOnsiY3JlYXRlIjozNjAwMDAwMDAwMDAwLCJkZWxldGUiOjM2MDAwMDAwMDAwMDAsInJlYWQiOjMwMDAwMDAwMDAwMCwidXBkYXRlIjozNjAwMDAwMDAwMDAwfX0=",
          "dependencies": [
            "module.database.azurerm_sql_server.primary",
            "module.resourcegroup.azurerm_resource_group.azure-stack-rs"
          ]
        }
      ]
    },
    {
      "module": "module.database",
      "mode": "managed",
      "type": "azurerm_sql_server",
      "name": "primary",
      "provider": "provider[\"registry.terraform.io/hashicorp/azurerm\"]",
      "instances": [
        {
          "schema_version": 0,
          "attributes": {
            "administrator_login": "sqladmin",
            "administrator_login_password": "pa$$w0rd",
            "connection_policy": "Default",
            "fully_qualified_domain_name": "sql-primary-database.database.windows.net",
            "id": "/subscriptions/6dd8fdde-1511-4be3-b58e-2d69a99b2ffc/resourceGroups/azure-stack/providers/Microsoft.Sql/servers/sql-primary-database",
            "identity": [],
            "location": "centralindia",
            "name": "sql-primary-database",
            "resource_group_name": "azure-stack",
            "tags": {
              "CostCenter": "test"
            },
            "threat_detection_policy": [
              {
                "disabled_alerts": [
                  ""
                ],
                "email_account_admins": false,
                "email_addresses": [
                  ""
                ],
                "retention_days": 0,
                "state": "Disabled",
                "storage_account_access_key": "",
                "storage_endpoint": ""
              }
            ],
            "timeouts": null,
            "version": "12.0"
          },
          "sensitive_attributes": [
            [
              {
                "type": "get_attr",
                "value": "threat_detection_policy"
              },
              {
                "type": "index",
                "value": {
                  "value": 0,
                  "type": "number"
                }
              },
              {
                "type": "get_attr",
                "value": "storage_account_access_key"
              }
            ],
            [
              {
                "type": "get_attr",
                "value": "administrator_login_password"
              }
            ]
          ],
          "private": "eyJlMmJmYjczMC1lY2FhLTExZTYtOGY4OC0zNDM2M2JjN2M0YzAiOnsiY3JlYXRlIjozNjAwMDAwMDAwMDAwLCJkZWxldGUiOjM2MDAwMDAwMDAwMDAsInJlYWQiOjMwMDAwMDAwMDAwMCwidXBkYXRlIjozNjAwMDAwMDAwMDAwfX0=",
          "dependencies": [
            "module.resourcegroup.azurerm_resource_group.azure-stack-rs"
          ]
        }
      ]
    },
    {
      "module": "module.networking",
      "mode": "managed",
      "type": "azurerm_subnet",
      "name": "app-subnet",
      "provider": "provider[\"registry.terraform.io/hashicorp/azurerm\"]",
      "instances": [
        {
          "schema_version": 0,
          "attributes": {
            "address_prefixes": [
              "192.168.2.0/24"
            ],
            "default_outbound_access_enabled": true,
            "delegation": [],
            "enforce_private_link_endpoint_network_policies": false,
            "enforce_private_link_service_network_policies": false,
            "id": "/subscriptions/6dd8fdde-1511-4be3-b58e-2d69a99b2ffc/resourceGroups/azure-stack/providers/Microsoft.Network/virtualNetworks/vnet01/subnets/app-subnet",
            "name": "app-subnet",
            "private_endpoint_network_policies": "Enabled",
            "private_endpoint_network_policies_enabled": true,
            "private_link_service_network_policies_enabled": true,
            "resource_group_name": "azure-stack",
            "service_endpoint_policy_ids": [],
            "service_endpoints": [],
            "timeouts": null,
            "virtual_network_name": "vnet01"
          },
          "sensitive_attributes": [],
          "private": "eyJlMmJmYjczMC1lY2FhLTExZTYtOGY4OC0zNDM2M2JjN2M0YzAiOnsiY3JlYXRlIjoxODAwMDAwMDAwMDAwLCJkZWxldGUiOjE4MDAwMDAwMDAwMDAsInJlYWQiOjMwMDAwMDAwMDAwMCwidXBkYXRlIjoxODAwMDAwMDAwMDAwfX0=",
          "dependencies": [
            "module.networking.azurerm_virtual_network.vnet01",
            "module.resourcegroup.azurerm_resource_group.azure-stack-rs"
          ]
        }
      ]
    },
    {
      "module": "module.networking",
      "mode": "managed",
      "type": "azurerm_subnet",
      "name": "db-subnet",
      "provider": "provider[\"registry.terraform.io/hashicorp/azurerm\"]",
      "instances": [
        {
          "schema_version": 0,
          "attributes": {
            "address_prefixes": [
              "192.168.3.0/24"
            ],
            "default_outbound_access_enabled": true,
            "delegation": [],
            "enforce_private_link_endpoint_network_policies": false,
            "enforce_private_link_service_network_policies": false,
            "id": "/subscriptions/6dd8fdde-1511-4be3-b58e-2d69a99b2ffc/resourceGroups/azure-stack/providers/Microsoft.Network/virtualNetworks/vnet01/subnets/db-subnet",
            "name": "db-subnet",
            "private_endpoint_network_policies": "Enabled",
            "private_endpoint_network_policies_enabled": true,
            "private_link_service_network_policies_enabled": true,
            "resource_group_name": "azure-stack",
            "service_endpoint_policy_ids": [],
            "service_endpoints": [],
            "timeouts": null,
            "virtual_network_name": "vnet01"
          },
          "sensitive_attributes": [],
          "private": "eyJlMmJmYjczMC1lY2FhLTExZTYtOGY4OC0zNDM2M2JjN2M0YzAiOnsiY3JlYXRlIjoxODAwMDAwMDAwMDAwLCJkZWxldGUiOjE4MDAwMDAwMDAwMDAsInJlYWQiOjMwMDAwMDAwMDAwMCwidXBkYXRlIjoxODAwMDAwMDAwMDAwfX0=",
          "dependencies": [
            "module.networking.azurerm_virtual_network.vnet01",
            "module.resourcegroup.azurerm_resource_group.azure-stack-rs"
          ]
        }
      ]
    },
    {
      "module": "module.networking",
      "mode": "managed",
      "type": "azurerm_subnet",
      "name": "web-subnet",
      "provider": "provider[\"registry.terraform.io/hashicorp/azurerm\"]",
      "instances": [
        {
          "schema_version": 0,
          "attributes": {
            "address_prefixes": [
              "192.168.1.0/24"
            ],
            "default_outbound_access_enabled": true,
            "delegation": [],
            "enforce_private_link_endpoint_network_policies": false,
            "enforce_private_link_service_network_policies": false,
            "id": "/subscriptions/6dd8fdde-1511-4be3-b58e-2d69a99b2ffc/resourceGroups/azure-stack/providers/Microsoft.Network/virtualNetworks/vnet01/subnets/web-subnet",
            "name": "web-subnet",
            "private_endpoint_network_policies": "Enabled",
            "private_endpoint_network_policies_enabled": true,
            "private_link_service_network_policies_enabled": true,
            "resource_group_name": "azure-stack",
            "service_endpoint_policy_ids": [],
            "service_endpoints": [],
            "timeouts": null,
            "virtual_network_name": "vnet01"
          },
          "sensitive_attributes": [],
          "private": "eyJlMmJmYjczMC1lY2FhLTExZTYtOGY4OC0zNDM2M2JjN2M0YzAiOnsiY3JlYXRlIjoxODAwMDAwMDAwMDAwLCJkZWxldGUiOjE4MDAwMDAwMDAwMDAsInJlYWQiOjMwMDAwMDAwMDAwMCwidXBkYXRlIjoxODAwMDAwMDAwMDAwfX0=",
          "dependencies": [
            "module.networking.azurerm_virtual_network.vnet01",
            "module.resourcegroup.azurerm_resource_group.azure-stack-rs"
          ]
        }
      ]
    },
    {
      "module": "module.networking",
      "mode": "managed",
      "type": "azurerm_virtual_network",
      "name": "vnet01",
      "provider": "provider[\"registry.terraform.io/hashicorp/azurerm\"]",
      "instances": [
        {
          "schema_version": 0,
          "attributes": {
            "address_space": [
              "192.168.0.0/16"
            ],
            "bgp_community": "",
            "ddos_protection_plan": [],
            "dns_servers": [],
            "edge_zone": "",
            "encryption": [],
            "flow_timeout_in_minutes": 0,
            "guid": "4830e8bf-42fa-4ab5-b609-dbd7da427d59",
            "id": "/subscriptions/6dd8fdde-1511-4be3-b58e-2d69a99b2ffc/resourceGroups/azure-stack/providers/Microsoft.Network/virtualNetworks/vnet01",
            "location": "centralindia",
            "name": "vnet01",
            "resource_group_name": "azure-stack",
            "subnet": [
              {
                "address_prefix": "192.168.1.0/24",
                "id": "/subscriptions/6dd8fdde-1511-4be3-b58e-2d69a99b2ffc/resourceGroups/azure-stack/providers/Microsoft.Network/virtualNetworks/vnet01/subnets/web-subnet",
                "name": "web-subnet",
                "security_group": "/subscriptions/6dd8fdde-1511-4be3-b58e-2d69a99b2ffc/resourceGroups/azure-stack/providers/Microsoft.Network/networkSecurityGroups/web-nsg"
              },
              {
                "address_prefix": "192.168.2.0/24",
                "id": "/subscriptions/6dd8fdde-1511-4be3-b58e-2d69a99b2ffc/resourceGroups/azure-stack/providers/Microsoft.Network/virtualNetworks/vnet01/subnets/app-subnet",
                "name": "app-subnet",
                "security_group": "/subscriptions/6dd8fdde-1511-4be3-b58e-2d69a99b2ffc/resourceGroups/azure-stack/providers/Microsoft.Network/networkSecurityGroups/app-nsg"
              },
              {
                "address_prefix": "192.168.3.0/24",
                "id": "/subscriptions/6dd8fdde-1511-4be3-b58e-2d69a99b2ffc/resourceGroups/azure-stack/providers/Microsoft.Network/virtualNetworks/vnet01/subnets/db-subnet",
                "name": "db-subnet",
                "security_group": "/subscriptions/6dd8fdde-1511-4be3-b58e-2d69a99b2ffc/resourceGroups/azure-stack/providers/Microsoft.Network/networkSecurityGroups/db-nsg"
              }
            ],
            "tags": {
              "CostCenter": "test"
            },
            "timeouts": null
          },
          "sensitive_attributes": [],
          "private": "eyJlMmJmYjczMC1lY2FhLTExZTYtOGY4OC0zNDM2M2JjN2M0YzAiOnsiY3JlYXRlIjoxODAwMDAwMDAwMDAwLCJkZWxldGUiOjE4MDAwMDAwMDAwMDAsInJlYWQiOjMwMDAwMDAwMDAwMCwidXBkYXRlIjoxODAwMDAwMDAwMDAwfX0=",
          "dependencies": [
            "module.resourcegroup.azurerm_resource_group.azure-stack-rs"
          ]
        }
      ]
    },
    {
      "module": "module.resourcegroup",
      "mode": "managed",
      "type": "azurerm_resource_group",
      "name": "azure-stack-rs",
      "provider": "provider[\"registry.terraform.io/hashicorp/azurerm\"]",
      "instances": [
        {
          "schema_version": 0,
          "attributes": {
            "id": "/subscriptions/6dd8fdde-1511-4be3-b58e-2d69a99b2ffc/resourceGroups/azure-stack",
            "location": "centralindia",
            "managed_by": "",
            "name": "azure-stack",
            "tags": {
              "CostCenter": "test"
            },
            "timeouts": null
          },
          "sensitive_attributes": [],
          "private": "eyJlMmJmYjczMC1lY2FhLTExZTYtOGY4OC0zNDM2M2JjN2M0YzAiOnsiY3JlYXRlIjo1NDAwMDAwMDAwMDAwLCJkZWxldGUiOjU0MDAwMDAwMDAwMDAsInJlYWQiOjMwMDAwMDAwMDAwMCwidXBkYXRlIjo1NDAwMDAwMDAwMDAwfX0="
        }
      ]
    },
    {
      "module": "module.securitygroup",
      "mode": "managed",
      "type": "azurerm_network_security_group",
      "name": "app-nsg",
      "provider": "provider[\"registry.terraform.io/hashicorp/azurerm\"]",
      "instances": [
        {
          "schema_version": 0,
          "attributes": {
            "id": "/subscriptions/6dd8fdde-1511-4be3-b58e-2d69a99b2ffc/resourceGroups/azure-stack/providers/Microsoft.Network/networkSecurityGroups/app-nsg",
            "location": "centralindia",
            "name": "app-nsg",
            "resource_group_name": "azure-stack",
            "security_rule": [
              {
                "access": "Allow",
                "description": "",
                "destination_address_prefix": "*",
                "destination_address_prefixes": [],
                "destination_application_security_group_ids": [],
                "destination_port_range": "22",
                "destination_port_ranges": [],
                "direction": "Inbound",
                "name": "ssh-rule-1",
                "priority": 100,
                "protocol": "Tcp",
                "source_address_prefix": "192.168.1.0/24",
                "source_address_prefixes": [],
                "source_application_security_group_ids": [],
                "source_port_range": "*",
                "source_port_ranges": []
              },
              {
                "access": "Allow",
                "description": "",
                "destination_address_prefix": "*",
                "destination_address_prefixes": [],
                "destination_application_security_group_ids": [],
                "destination_port_range": "22",
                "destination_port_ranges": [],
                "direction": "Outbound",
                "name": "ssh-rule-2",
                "priority": 101,
                "protocol": "Tcp",
                "source_address_prefix": "192.168.1.0/24",
                "source_address_prefixes": [],
                "source_application_security_group_ids": [],
                "source_port_range": "*",
                "source_port_ranges": []
              }
            ],
            "tags": {
              "CostCenter": "test"
            },
            "timeouts": null
          },
          "sensitive_attributes": [],
          "private": "eyJlMmJmYjczMC1lY2FhLTExZTYtOGY4OC0zNDM2M2JjN2M0YzAiOnsiY3JlYXRlIjoxODAwMDAwMDAwMDAwLCJkZWxldGUiOjE4MDAwMDAwMDAwMDAsInJlYWQiOjMwMDAwMDAwMDAwMCwidXBkYXRlIjoxODAwMDAwMDAwMDAwfX0=",
          "dependencies": [
            "module.resourcegroup.azurerm_resource_group.azure-stack-rs"
          ]
        }
      ]
    },
    {
      "module": "module.securitygroup",
      "mode": "managed",
      "type": "azurerm_network_security_group",
      "name": "db-nsg",
      "provider": "provider[\"registry.terraform.io/hashicorp/azurerm\"]",
      "instances": [
        {
          "schema_version": 0,
          "attributes": {
            "id": "/subscriptions/6dd8fdde-1511-4be3-b58e-2d69a99b2ffc/resourceGroups/azure-stack/providers/Microsoft.Network/networkSecurityGroups/db-nsg",
            "location": "centralindia",
            "name": "db-nsg",
            "resource_group_name": "azure-stack",
            "security_rule": [
              {
                "access": "Allow",
                "description": "",
                "destination_address_prefix": "*",
                "destination_address_prefixes": [],
                "destination_application_security_group_ids": [],
                "destination_port_range": "3306",
                "destination_port_ranges": [],
                "direction": "Inbound",
                "name": "ssh-rule-1",
                "priority": 101,
                "protocol": "Tcp",
                "source_address_prefix": "192.168.2.0/24",
                "source_address_prefixes": [],
                "source_application_security_group_ids": [],
                "source_port_range": "*",
                "source_port_ranges": []
              },
              {
                "access": "Allow",
                "description": "",
                "destination_address_prefix": "*",
                "destination_address_prefixes": [],
                "destination_application_security_group_ids": [],
                "destination_port_range": "3306",
                "destination_port_ranges": [],
                "direction": "Outbound",
                "name": "ssh-rule-2",
                "priority": 102,
                "protocol": "Tcp",
                "source_address_prefix": "192.168.2.0/24",
                "source_address_prefixes": [],
                "source_application_security_group_ids": [],
                "source_port_range": "*",
                "source_port_ranges": []
              },
              {
                "access": "Deny",
                "description": "",
                "destination_address_prefix": "*",
                "destination_address_prefixes": [],
                "destination_application_security_group_ids": [],
                "destination_port_range": "3306",
                "destination_port_ranges": [],
                "direction": "Outbound",
                "name": "ssh-rule-3",
                "priority": 100,
                "protocol": "Tcp",
                "source_address_prefix": "192.168.1.0/24",
                "source_address_prefixes": [],
                "source_application_security_group_ids": [],
                "source_port_range": "*",
                "source_port_ranges": []
              }
            ],
            "tags": {
              "CostCenter": "test"
            },
            "timeouts": null
          },
          "sensitive_attributes": [],
          "private": "eyJlMmJmYjczMC1lY2FhLTExZTYtOGY4OC0zNDM2M2JjN2M0YzAiOnsiY3JlYXRlIjoxODAwMDAwMDAwMDAwLCJkZWxldGUiOjE4MDAwMDAwMDAwMDAsInJlYWQiOjMwMDAwMDAwMDAwMCwidXBkYXRlIjoxODAwMDAwMDAwMDAwfX0=",
          "dependencies": [
            "module.resourcegroup.azurerm_resource_group.azure-stack-rs"
          ]
        }
      ]
    },
    {
      "module": "module.securitygroup",
      "mode": "managed",
      "type": "azurerm_network_security_group",
      "name": "web-nsg",
      "provider": "provider[\"registry.terraform.io/hashicorp/azurerm\"]",
      "instances": [
        {
          "schema_version": 0,
          "attributes": {
            "id": "/subscriptions/6dd8fdde-1511-4be3-b58e-2d69a99b2ffc/resourceGroups/azure-stack/providers/Microsoft.Network/networkSecurityGroups/web-nsg",
            "location": "centralindia",
            "name": "web-nsg",
            "resource_group_name": "azure-stack",
            "security_rule": [
              {
                "access": "Allow",
                "description": "",
                "destination_address_prefix": "*",
                "destination_address_prefixes": [],
                "destination_application_security_group_ids": [],
                "destination_port_range": "22",
                "destination_port_ranges": [],
                "direction": "Inbound",
                "name": "ssh-rule-1",
                "priority": 101,
                "protocol": "Tcp",
                "source_address_prefix": "*",
                "source_address_prefixes": [],
                "source_application_security_group_ids": [],
                "source_port_range": "*",
                "source_port_ranges": []
              },
              {
                "access": "Deny",
                "description": "",
                "destination_address_prefix": "*",
                "destination_address_prefixes": [],
                "destination_application_security_group_ids": [],
                "destination_port_range": "22",
                "destination_port_ranges": [],
                "direction": "Inbound",
                "name": "ssh-rule-2",
                "priority": 100,
                "protocol": "Tcp",
                "source_address_prefix": "192.168.3.0/24",
                "source_address_prefixes": [],
                "source_application_security_group_ids": [],
                "source_port_range": "*",
                "source_port_ranges": []
              }
            ],
            "tags": {
              "CostCenter": "test"
            },
            "timeouts": null
          },
          "sensitive_attributes": [],
          "private": "eyJlMmJmYjczMC1lY2FhLTExZTYtOGY4OC0zNDM2M2JjN2M0YzAiOnsiY3JlYXRlIjoxODAwMDAwMDAwMDAwLCJkZWxldGUiOjE4MDAwMDAwMDAwMDAsInJlYWQiOjMwMDAwMDAwMDAwMCwidXBkYXRlIjoxODAwMDAwMDAwMDAwfX0=",
          "dependencies": [
            "module.resourcegroup.azurerm_resource_group.azure-stack-rs"
          ]
        }
      ]
    },
    {
      "module": "module.securitygroup",
      "mode": "managed",
      "type": "azurerm_subnet_network_security_group_association",
      "name": "app-nsg-subnet",
      "provider": "provider[\"registry.terraform.io/hashicorp/azurerm\"]",
      "instances": [
        {
          "schema_version": 0,
          "attributes": {
            "id": "/subscriptions/6dd8fdde-1511-4be3-b58e-2d69a99b2ffc/resourceGroups/azure-stack/providers/Microsoft.Network/virtualNetworks/vnet01/subnets/app-subnet",
            "network_security_group_id": "/subscriptions/6dd8fdde-1511-4be3-b58e-2d69a99b2ffc/resourceGroups/azure-stack/providers/Microsoft.Network/networkSecurityGroups/app-nsg",
            "subnet_id": "/subscriptions/6dd8fdde-1511-4be3-b58e-2d69a99b2ffc/resourceGroups/azure-stack/providers/Microsoft.Network/virtualNetworks/vnet01/subnets/app-subnet",
            "timeouts": null
          },
          "sensitive_attributes": [],
          "private": "eyJlMmJmYjczMC1lY2FhLTExZTYtOGY4OC0zNDM2M2JjN2M0YzAiOnsiY3JlYXRlIjoxODAwMDAwMDAwMDAwLCJkZWxldGUiOjE4MDAwMDAwMDAwMDAsInJlYWQiOjMwMDAwMDAwMDAwMH19",
          "dependencies": [
            "module.networking.azurerm_subnet.app-subnet",
            "module.networking.azurerm_virtual_network.vnet01",
            "module.resourcegroup.azurerm_resource_group.azure-stack-rs",
            "module.securitygroup.azurerm_network_security_group.app-nsg"
          ]
        }
      ]
    },
    {
      "module": "module.securitygroup",
      "mode": "managed",
      "type": "azurerm_subnet_network_security_group_association",
      "name": "db-nsg-subnet",
      "provider": "provider[\"registry.terraform.io/hashicorp/azurerm\"]",
      "instances": [
        {
          "schema_version": 0,
          "attributes": {
            "id": "/subscriptions/6dd8fdde-1511-4be3-b58e-2d69a99b2ffc/resourceGroups/azure-stack/providers/Microsoft.Network/virtualNetworks/vnet01/subnets/db-subnet",
            "network_security_group_id": "/subscriptions/6dd8fdde-1511-4be3-b58e-2d69a99b2ffc/resourceGroups/azure-stack/providers/Microsoft.Network/networkSecurityGroups/db-nsg",
            "subnet_id": "/subscriptions/6dd8fdde-1511-4be3-b58e-2d69a99b2ffc/resourceGroups/azure-stack/providers/Microsoft.Network/virtualNetworks/vnet01/subnets/db-subnet",
            "timeouts": null
          },
          "sensitive_attributes": [],
          "private": "eyJlMmJmYjczMC1lY2FhLTExZTYtOGY4OC0zNDM2M2JjN2M0YzAiOnsiY3JlYXRlIjoxODAwMDAwMDAwMDAwLCJkZWxldGUiOjE4MDAwMDAwMDAwMDAsInJlYWQiOjMwMDAwMDAwMDAwMH19",
          "dependencies": [
            "module.networking.azurerm_subnet.db-subnet",
            "module.networking.azurerm_virtual_network.vnet01",
            "module.resourcegroup.azurerm_resource_group.azure-stack-rs",
            "module.securitygroup.azurerm_network_security_group.db-nsg"
          ]
        }
      ]
    },
    {
      "module": "module.securitygroup",
      "mode": "managed",
      "type": "azurerm_subnet_network_security_group_association",
      "name": "web-nsg-subnet",
      "provider": "provider[\"registry.terraform.io/hashicorp/azurerm\"]",
      "instances": [
        {
          "schema_version": 0,
          "attributes": {
            "id": "/subscriptions/6dd8fdde-1511-4be3-b58e-2d69a99b2ffc/resourceGroups/azure-stack/providers/Microsoft.Network/virtualNetworks/vnet01/subnets/web-subnet",
            "network_security_group_id": "/subscriptions/6dd8fdde-1511-4be3-b58e-2d69a99b2ffc/resourceGroups/azure-stack/providers/Microsoft.Network/networkSecurityGroups/web-nsg",
            "subnet_id": "/subscriptions/6dd8fdde-1511-4be3-b58e-2d69a99b2ffc/resourceGroups/azure-stack/providers/Microsoft.Network/virtualNetworks/vnet01/subnets/web-subnet",
            "timeouts": null
          },
          "sensitive_attributes": [],
          "private": "eyJlMmJmYjczMC1lY2FhLTExZTYtOGY4OC0zNDM2M2JjN2M0YzAiOnsiY3JlYXRlIjoxODAwMDAwMDAwMDAwLCJkZWxldGUiOjE4MDAwMDAwMDAwMDAsInJlYWQiOjMwMDAwMDAwMDAwMH19",
          "dependencies": [
            "module.networking.azurerm_subnet.web-subnet",
            "module.networking.azurerm_virtual_network.vnet01",
            "module.resourcegroup.azurerm_resource_group.azure-stack-rs",
            "module.securitygroup.azurerm_network_security_group.web-nsg"
          ]
        }
      ]
    }
  ],
  "check_results": null
}
